
Microsoft Visual Studio Solution File, Format Version 10.00
# Visual Studio 2008
Project("{FAE04EC0-301F-11D3-BF4B-00C04F79EFBC}") = "ReadFromBSE", "ReadFromBSE\ReadFromBSE.csproj", "{3CAFC287-9438-4519-93A5-7C33803195D3}"
EndProject
Global
	GlobalSection(SolutionConfigurationPlatforms) = preSolution
		Debug|Any CPU = Debug|Any CPU
		Release|Any CPU = Release|Any CPU
	EndGlobalSection
	GlobalSection(ProjectConfigurationPlatforms) = postSolution
		{3CAFC287-9438-4519-93A5-7C33803195D3}.Debug|Any CPU.ActiveCfg = Debug|Any CPU
		{3CAFC287-9438-4519-93A5-7C33803195D3}.Debug|Any CPU.Build.0 = Debug|Any CPU
		{3CAFC287-9438-4519-93A5-7C33803195D3}.Release|Any CPU.ActiveCfg = Release|Any CPU
		{3CAFC287-9438-4519-93A5-7C33803195D3}.Release|Any CPU.Build.0 = Release|Any CPU
	EndGlobalSection
	GlobalSection(SolutionProperties) = preSolution
		HideSolutionNode = FALSE
	EndGlobalSection
EndGlobal
